
Microsoft Visual Studio Solution File, Format Version 12.00
Project("{FAE04EC0-301F-11D3-BF4B-00C04F79EFBC}") = "FizzBuzz-Backend", "FizzBuzz-Backend\FizzBuzz-Backend.csproj", "{21E7B9A4-C794-470F-B282-517E49359CF9}"
EndProject
Project("{FAE04EC0-301F-11D3-BF4B-00C04F79EFBC}") = "FizzBuzz-Database", "FizzBuzz-Database\FizzBuzz-Database.csproj", "{14F65658-A7B4-4FA9-A97D-6686BAD279F0}"
EndProject
Project("{FAE04EC0-301F-11D3-BF4B-00C04F79EFBC}") = "FizzBuzz-Tests", "FizzBuzz-Tests\FizzBuzz-Tests.csproj", "{8353D2C8-5711-4631-B2F4-9FB66C7DCE7D}"
EndProject
Project("{FAE04EC0-301F-11D3-BF4B-00C04F79EFBC}") = "FizzBuzz-Services", "..\FizzBuzz-Services\FizzBuzz-Services.csproj", "{FD86CD47-F3B2-4847-86E1-DFFB770D60F9}"
EndProject
Project("{FAE04EC0-301F-11D3-BF4B-00C04F79EFBC}") = "FizzBuzz-Common", "..\FizzBuzz-Common\FizzBuzz-Common.csproj", "{B82DE571-93FB-4B1E-8B66-FA52B010102E}"
EndProject
Global
	GlobalSection(SolutionConfigurationPlatforms) = preSolution
		Debug|Any CPU = Debug|Any CPU
		Release|Any CPU = Release|Any CPU
	EndGlobalSection
	GlobalSection(ProjectConfigurationPlatforms) = postSolution
		{21E7B9A4-C794-470F-B282-517E49359CF9}.Debug|Any CPU.ActiveCfg = Debug|Any CPU
		{21E7B9A4-C794-470F-B282-517E49359CF9}.Debug|Any CPU.Build.0 = Debug|Any CPU
		{21E7B9A4-C794-470F-B282-517E49359CF9}.Release|Any CPU.ActiveCfg = Release|Any CPU
		{21E7B9A4-C794-470F-B282-517E49359CF9}.Release|Any CPU.Build.0 = Release|Any CPU
		{14F65658-A7B4-4FA9-A97D-6686BAD279F0}.Debug|Any CPU.ActiveCfg = Debug|Any CPU
		{14F65658-A7B4-4FA9-A97D-6686BAD279F0}.Debug|Any CPU.Build.0 = Debug|Any CPU
		{14F65658-A7B4-4FA9-A97D-6686BAD279F0}.Release|Any CPU.ActiveCfg = Release|Any CPU
		{14F65658-A7B4-4FA9-A97D-6686BAD279F0}.Release|Any CPU.Build.0 = Release|Any CPU
		{8353D2C8-5711-4631-B2F4-9FB66C7DCE7D}.Debug|Any CPU.ActiveCfg = Debug|Any CPU
		{8353D2C8-5711-4631-B2F4-9FB66C7DCE7D}.Debug|Any CPU.Build.0 = Debug|Any CPU
		{8353D2C8-5711-4631-B2F4-9FB66C7DCE7D}.Release|Any CPU.ActiveCfg = Release|Any CPU
		{8353D2C8-5711-4631-B2F4-9FB66C7DCE7D}.Release|Any CPU.Build.0 = Release|Any CPU
		{FD86CD47-F3B2-4847-86E1-DFFB770D60F9}.Debug|Any CPU.ActiveCfg = Debug|Any CPU
		{FD86CD47-F3B2-4847-86E1-DFFB770D60F9}.Debug|Any CPU.Build.0 = Debug|Any CPU
		{FD86CD47-F3B2-4847-86E1-DFFB770D60F9}.Release|Any CPU.ActiveCfg = Release|Any CPU
		{FD86CD47-F3B2-4847-86E1-DFFB770D60F9}.Release|Any CPU.Build.0 = Release|Any CPU
		{B82DE571-93FB-4B1E-8B66-FA52B010102E}.Debug|Any CPU.ActiveCfg = Debug|Any CPU
		{B82DE571-93FB-4B1E-8B66-FA52B010102E}.Debug|Any CPU.Build.0 = Debug|Any CPU
		{B82DE571-93FB-4B1E-8B66-FA52B010102E}.Release|Any CPU.ActiveCfg = Release|Any CPU
		{B82DE571-93FB-4B1E-8B66-FA52B010102E}.Release|Any CPU.Build.0 = Release|Any CPU
	EndGlobalSection
EndGlobal
